
Microsoft Visual Studio Solution File, Format Version 12.00
# Visual Studio 14
VisualStudioVersion = 14.0.25420.1
MinimumVisualStudioVersion = 10.0.40219.1
Project("{FAE04EC0-301F-11D3-BF4B-00C04F79EFBC}") = "Jeu", "Jeu\Jeu.csproj", "{7F52E284-BB47-4157-9C91-1C494891374C}"
EndProject
Project("{FAE04EC0-301F-11D3-BF4B-00C04F79EFBC}") = "Classes", "Classes\Classes.csproj", "{EF9A714C-796D-4F07-9A3E-A219596151D1}"
EndProject
Project("{FAE04EC0-301F-11D3-BF4B-00C04F79EFBC}") = "FausseDb", "FausseDb\FausseDb.csproj", "{7BC6D10C-18C4-4D94-BC88-0344D64CF30A}"
EndProject
Project("{FAE04EC0-301F-11D3-BF4B-00C04F79EFBC}") = "Crud", "Crud\Crud.csproj", "{C02D4203-D47B-4A4E-B932-BB30C90546F0}"
EndProject
Project("{FAE04EC0-301F-11D3-BF4B-00C04F79EFBC}") = "Business", "Business\Business.csproj", "{500A9837-96A8-4C86-AD21-89B0E7C4FF92}"
EndProject
Global
	GlobalSection(SolutionConfigurationPlatforms) = preSolution
		Debug|Any CPU = Debug|Any CPU
		Release|Any CPU = Release|Any CPU
	EndGlobalSection
	GlobalSection(ProjectConfigurationPlatforms) = postSolution
		{7F52E284-BB47-4157-9C91-1C494891374C}.Debug|Any CPU.ActiveCfg = Debug|Any CPU
		{7F52E284-BB47-4157-9C91-1C494891374C}.Debug|Any CPU.Build.0 = Debug|Any CPU
		{7F52E284-BB47-4157-9C91-1C494891374C}.Release|Any CPU.ActiveCfg = Release|Any CPU
		{7F52E284-BB47-4157-9C91-1C494891374C}.Release|Any CPU.Build.0 = Release|Any CPU
		{EF9A714C-796D-4F07-9A3E-A219596151D1}.Debug|Any CPU.ActiveCfg = Debug|Any CPU
		{EF9A714C-796D-4F07-9A3E-A219596151D1}.Debug|Any CPU.Build.0 = Debug|Any CPU
		{EF9A714C-796D-4F07-9A3E-A219596151D1}.Release|Any CPU.ActiveCfg = Release|Any CPU
		{EF9A714C-796D-4F07-9A3E-A219596151D1}.Release|Any CPU.Build.0 = Release|Any CPU
		{7BC6D10C-18C4-4D94-BC88-0344D64CF30A}.Debug|Any CPU.ActiveCfg = Debug|Any CPU
		{7BC6D10C-18C4-4D94-BC88-0344D64CF30A}.Debug|Any CPU.Build.0 = Debug|Any CPU
		{7BC6D10C-18C4-4D94-BC88-0344D64CF30A}.Release|Any CPU.ActiveCfg = Release|Any CPU
		{7BC6D10C-18C4-4D94-BC88-0344D64CF30A}.Release|Any CPU.Build.0 = Release|Any CPU
		{C02D4203-D47B-4A4E-B932-BB30C90546F0}.Debug|Any CPU.ActiveCfg = Debug|Any CPU
		{C02D4203-D47B-4A4E-B932-BB30C90546F0}.Debug|Any CPU.Build.0 = Debug|Any CPU
		{C02D4203-D47B-4A4E-B932-BB30C90546F0}.Release|Any CPU.ActiveCfg = Release|Any CPU
		{C02D4203-D47B-4A4E-B932-BB30C90546F0}.Release|Any CPU.Build.0 = Release|Any CPU
		{500A9837-96A8-4C86-AD21-89B0E7C4FF92}.Debug|Any CPU.ActiveCfg = Debug|Any CPU
		{500A9837-96A8-4C86-AD21-89B0E7C4FF92}.Debug|Any CPU.Build.0 = Debug|Any CPU
		{500A9837-96A8-4C86-AD21-89B0E7C4FF92}.Release|Any CPU.ActiveCfg = Release|Any CPU
		{500A9837-96A8-4C86-AD21-89B0E7C4FF92}.Release|Any CPU.Build.0 = Release|Any CPU
	EndGlobalSection
	GlobalSection(SolutionProperties) = preSolution
		HideSolutionNode = FALSE
	EndGlobalSection
EndGlobal
